# Generated by buf. DO NOT EDIT.
version: v2
deps:
  - name: buf.build/bufbuild/protovalidate
    commit: f05a6f4403ce4327bae4f50f281c3ed0
    digest: b5:f1d76430ee97c89cd2044e9ae1c510887b701ee7bca60564ebf82e3919e53cacefc830a0eb803277c2d98c5f313b4167e8914afc9f214332717a50b5e170e6f4
  - name: buf.build/googleapis/googleapis
    commit: 7e6f6e774e29406da95bd61cdcdbc8bc
    digest: b5:654225f30f2351e6515417825836cb4bd5df3d952f6086e406957f80e03c8ee00c67739b836b87e06f2ff90a6f44675ad175e47ea5aef29ee909b91a29bdd334
  - name: buf.build/grpc-ecosystem/grpc-gateway
    commit: 3f42134f4c564983838425bc43c7a65f
    digest: b5:291b947d8ac09492517557e4e72e294788cb8201afc7d0df7bda80fa10931adb60d4d669208a7696bf24f1ecb2a33a16d4c1e766e6f31809248b00343119569b
